
Microsoft Visual Studio Solution File, Format Version 12.00
# Visual Studio 2013
VisualStudioVersion = 12.0.31101.0
MinimumVisualStudioVersion = 10.0.40219.1
Project("{FAE04EC0-301F-11D3-BF4B-00C04F79EFBC}") = "01.AllocateArray", "01.AllocateArray\01.AllocateArray.csproj", "{A0D70DE3-B8EF-4E00-8CCA-1C26F2D4A913}"
EndProject
Project("{FAE04EC0-301F-11D3-BF4B-00C04F79EFBC}") = "02.CompareArrays", "02.CompareArrays\02.CompareArrays.csproj", "{E56E7541-6C9F-4615-BAE4-9CFADDA016F3}"
EndProject
Project("{FAE04EC0-301F-11D3-BF4B-00C04F79EFBC}") = "03.CompareCharArrays", "03.CompareCharArrays\03.CompareCharArrays.csproj", "{FEEC09EB-869C-4472-AAAE-F876C16F6466}"
EndProject
Project("{FAE04EC0-301F-11D3-BF4B-00C04F79EFBC}") = "04.MaximalSequence", "04.MaximalSequence\04.MaximalSequence.csproj", "{611F5659-A4A1-4BA6-B255-FFD517A4A478}"
EndProject
Project("{FAE04EC0-301F-11D3-BF4B-00C04F79EFBC}") = "05.MqximalSequenceIncreasing", "05.MqximalSequenceIncreasing\05.MqximalSequenceIncreasing.csproj", "{0F8699AA-CF3D-4433-B342-5C1F459BFF55}"
EndProject
Project("{FAE04EC0-301F-11D3-BF4B-00C04F79EFBC}") = "06.MaximalKsum", "06.MaximalKsum\06.MaximalKsum.csproj", "{3C6334A2-666E-401E-A5D2-CC04050409B4}"
EndProject
Project("{FAE04EC0-301F-11D3-BF4B-00C04F79EFBC}") = "07.SelectionSort", "07.SelectionSort\07.SelectionSort.csproj", "{34F0B9A8-0A8C-4A33-AB04-498BB6852570}"
EndProject
Project("{FAE04EC0-301F-11D3-BF4B-00C04F79EFBC}") = "08.MaximalSum", "08.MaximalSum\08.MaximalSum.csproj", "{A2616FD2-FFCF-4E2A-9A1B-1DC3B71FD7A0}"
EndProject
Project("{FAE04EC0-301F-11D3-BF4B-00C04F79EFBC}") = "09.FrequentNumber", "09.FrequentNumber\09.FrequentNumber.csproj", "{AB3D8EB3-69E2-4052-988B-A580E66A301B}"
EndProject
Project("{FAE04EC0-301F-11D3-BF4B-00C04F79EFBC}") = "10.FindSumInArray", "10.FindSumInArray\10.FindSumInArray.csproj", "{D3B0CB3F-E2CB-4EA4-B622-2E5B8286DFBC}"
EndProject
Global
	GlobalSection(SolutionConfigurationPlatforms) = preSolution
		Debug|Any CPU = Debug|Any CPU
		Release|Any CPU = Release|Any CPU
	EndGlobalSection
	GlobalSection(ProjectConfigurationPlatforms) = postSolution
		{A0D70DE3-B8EF-4E00-8CCA-1C26F2D4A913}.Debug|Any CPU.ActiveCfg = Debug|Any CPU
		{A0D70DE3-B8EF-4E00-8CCA-1C26F2D4A913}.Debug|Any CPU.Build.0 = Debug|Any CPU
		{A0D70DE3-B8EF-4E00-8CCA-1C26F2D4A913}.Release|Any CPU.ActiveCfg = Release|Any CPU
		{A0D70DE3-B8EF-4E00-8CCA-1C26F2D4A913}.Release|Any CPU.Build.0 = Release|Any CPU
		{E56E7541-6C9F-4615-BAE4-9CFADDA016F3}.Debug|Any CPU.ActiveCfg = Debug|Any CPU
		{E56E7541-6C9F-4615-BAE4-9CFADDA016F3}.Debug|Any CPU.Build.0 = Debug|Any CPU
		{E56E7541-6C9F-4615-BAE4-9CFADDA016F3}.Release|Any CPU.ActiveCfg = Release|Any CPU
		{E56E7541-6C9F-4615-BAE4-9CFADDA016F3}.Release|Any CPU.Build.0 = Release|Any CPU
		{FEEC09EB-869C-4472-AAAE-F876C16F6466}.Debug|Any CPU.ActiveCfg = Debug|Any CPU
		{FEEC09EB-869C-4472-AAAE-F876C16F6466}.Debug|Any CPU.Build.0 = Debug|Any CPU
		{FEEC09EB-869C-4472-AAAE-F876C16F6466}.Release|Any CPU.ActiveCfg = Release|Any CPU
		{FEEC09EB-869C-4472-AAAE-F876C16F6466}.Release|Any CPU.Build.0 = Release|Any CPU
		{611F5659-A4A1-4BA6-B255-FFD517A4A478}.Debug|Any CPU.ActiveCfg = Debug|Any CPU
		{611F5659-A4A1-4BA6-B255-FFD517A4A478}.Debug|Any CPU.Build.0 = Debug|Any CPU
		{611F5659-A4A1-4BA6-B255-FFD517A4A478}.Release|Any CPU.ActiveCfg = Release|Any CPU
		{611F5659-A4A1-4BA6-B255-FFD517A4A478}.Release|Any CPU.Build.0 = Release|Any CPU
		{0F8699AA-CF3D-4433-B342-5C1F459BFF55}.Debug|Any CPU.ActiveCfg = Debug|Any CPU
		{0F8699AA-CF3D-4433-B342-5C1F459BFF55}.Debug|Any CPU.Build.0 = Debug|Any CPU
		{0F8699AA-CF3D-4433-B342-5C1F459BFF55}.Release|Any CPU.ActiveCfg = Release|Any CPU
		{0F8699AA-CF3D-4433-B342-5C1F459BFF55}.Release|Any CPU.Build.0 = Release|Any CPU
		{3C6334A2-666E-401E-A5D2-CC04050409B4}.Debug|Any CPU.ActiveCfg = Debug|Any CPU
		{3C6334A2-666E-401E-A5D2-CC04050409B4}.Debug|Any CPU.Build.0 = Debug|Any CPU
		{3C6334A2-666E-401E-A5D2-CC04050409B4}.Release|Any CPU.ActiveCfg = Release|Any CPU
		{3C6334A2-666E-401E-A5D2-CC04050409B4}.Release|Any CPU.Build.0 = Release|Any CPU
		{34F0B9A8-0A8C-4A33-AB04-498BB6852570}.Debug|Any CPU.ActiveCfg = Debug|Any CPU
		{34F0B9A8-0A8C-4A33-AB04-498BB6852570}.Debug|Any CPU.Build.0 = Debug|Any CPU
		{34F0B9A8-0A8C-4A33-AB04-498BB6852570}.Release|Any CPU.ActiveCfg = Release|Any CPU
		{34F0B9A8-0A8C-4A33-AB04-498BB6852570}.Release|Any CPU.Build.0 = Release|Any CPU
		{A2616FD2-FFCF-4E2A-9A1B-1DC3B71FD7A0}.Debug|Any CPU.ActiveCfg = Debug|Any CPU
		{A2616FD2-FFCF-4E2A-9A1B-1DC3B71FD7A0}.Debug|Any CPU.Build.0 = Debug|Any CPU
		{A2616FD2-FFCF-4E2A-9A1B-1DC3B71FD7A0}.Release|Any CPU.ActiveCfg = Release|Any CPU
		{A2616FD2-FFCF-4E2A-9A1B-1DC3B71FD7A0}.Release|Any CPU.Build.0 = Release|Any CPU
		{AB3D8EB3-69E2-4052-988B-A580E66A301B}.Debug|Any CPU.ActiveCfg = Debug|Any CPU
		{AB3D8EB3-69E2-4052-988B-A580E66A301B}.Debug|Any CPU.Build.0 = Debug|Any CPU
		{AB3D8EB3-69E2-4052-988B-A580E66A301B}.Release|Any CPU.ActiveCfg = Release|Any CPU
		{AB3D8EB3-69E2-4052-988B-A580E66A301B}.Release|Any CPU.Build.0 = Release|Any CPU
		{D3B0CB3F-E2CB-4EA4-B622-2E5B8286DFBC}.Debug|Any CPU.ActiveCfg = Debug|Any CPU
		{D3B0CB3F-E2CB-4EA4-B622-2E5B8286DFBC}.Debug|Any CPU.Build.0 = Debug|Any CPU
		{D3B0CB3F-E2CB-4EA4-B622-2E5B8286DFBC}.Release|Any CPU.ActiveCfg = Release|Any CPU
		{D3B0CB3F-E2CB-4EA4-B622-2E5B8286DFBC}.Release|Any CPU.Build.0 = Release|Any CPU
	EndGlobalSection
	GlobalSection(SolutionProperties) = preSolution
		HideSolutionNode = FALSE
	EndGlobalSection
EndGlobal
