
Microsoft Visual Studio Solution File, Format Version 12.00
# Visual Studio 2013
VisualStudioVersion = 12.0.31101.0
MinimumVisualStudioVersion = 10.0.40219.1
Project("{FAE04EC0-301F-11D3-BF4B-00C04F79EFBC}") = "01.OddEvenIntegers", "01.OddEvenIntegers\01.OddEvenIntegers.csproj", "{F1895CF3-1A6F-4C10-B83C-D3EB25084FEE}"
EndProject
Project("{FAE04EC0-301F-11D3-BF4B-00C04F79EFBC}") = "02.MoonGravitation", "02.MoonGravitation\02.MoonGravitation.csproj", "{E193FAF3-5677-4CF9-B025-5199E0DF7BF1}"
EndProject
Project("{FAE04EC0-301F-11D3-BF4B-00C04F79EFBC}") = "03.BooleanDivider", "03.BooleanDivider\03.BooleanDivider.csproj", "{D724B256-E885-4F25-B034-6999A927C2A2}"
EndProject
Project("{FAE04EC0-301F-11D3-BF4B-00C04F79EFBC}") = "04.Rectangles", "04.Rectangles\04.Rectangles.csproj", "{970D5290-50DE-4826-8F45-132FC662843A}"
EndProject
Project("{FAE04EC0-301F-11D3-BF4B-00C04F79EFBC}") = "05.CheckThirdDigit", "05.CheckThirdDigit\05.CheckThirdDigit.csproj", "{FDED4B46-111E-4E90-A282-8DD02641A581}"
EndProject
Project("{FAE04EC0-301F-11D3-BF4B-00C04F79EFBC}") = "06.FourDigitNumber", "06.FourDigitNumber\06.FourDigitNumber.csproj", "{77D5FAA2-A591-4985-B84D-0959D9C1BAC1}"
EndProject
Project("{FAE04EC0-301F-11D3-BF4B-00C04F79EFBC}") = "07.PointInCircle", "07.PointInCircle\07.PointInCircle.csproj", "{D27FD8BD-E326-4BAF-BC0B-D69B4D2B6F31}"
EndProject
Project("{FAE04EC0-301F-11D3-BF4B-00C04F79EFBC}") = "08.PrimeNumberCheck", "08.PrimeNumberCheck\08.PrimeNumberCheck.csproj", "{0A23C574-322D-4A19-8CA0-45546C39545F}"
EndProject
Project("{FAE04EC0-301F-11D3-BF4B-00C04F79EFBC}") = "09.Trapezoids", "09.Trapezoids\09.Trapezoids.csproj", "{D9552922-AEC1-4A3C-BAE8-622F54485C43}"
EndProject
Project("{FAE04EC0-301F-11D3-BF4B-00C04F79EFBC}") = "10.PointAndRectangle", "10.PointAndRectangle\10.PointAndRectangle.csproj", "{F2FA98AE-7A63-423E-BFB0-CDB9B8278AA9}"
EndProject
Project("{FAE04EC0-301F-11D3-BF4B-00C04F79EFBC}") = "11.Extract3rdBit", "11.Extract3rdBit\11.Extract3rdBit.csproj", "{A4A32E8C-1F6A-41E5-8C49-2BF1D97ACEC8}"
EndProject
Project("{FAE04EC0-301F-11D3-BF4B-00C04F79EFBC}") = "12.ExtractBitFromInt", "12.ExtractBitFromInt\12.ExtractBitFromInt.csproj", "{FFC77FC4-1543-4B58-BD38-4B1CC46FD5D8}"
EndProject
Global
	GlobalSection(SolutionConfigurationPlatforms) = preSolution
		Debug|Any CPU = Debug|Any CPU
		Release|Any CPU = Release|Any CPU
	EndGlobalSection
	GlobalSection(ProjectConfigurationPlatforms) = postSolution
		{F1895CF3-1A6F-4C10-B83C-D3EB25084FEE}.Debug|Any CPU.ActiveCfg = Debug|Any CPU
		{F1895CF3-1A6F-4C10-B83C-D3EB25084FEE}.Debug|Any CPU.Build.0 = Debug|Any CPU
		{F1895CF3-1A6F-4C10-B83C-D3EB25084FEE}.Release|Any CPU.ActiveCfg = Release|Any CPU
		{F1895CF3-1A6F-4C10-B83C-D3EB25084FEE}.Release|Any CPU.Build.0 = Release|Any CPU
		{E193FAF3-5677-4CF9-B025-5199E0DF7BF1}.Debug|Any CPU.ActiveCfg = Debug|Any CPU
		{E193FAF3-5677-4CF9-B025-5199E0DF7BF1}.Debug|Any CPU.Build.0 = Debug|Any CPU
		{E193FAF3-5677-4CF9-B025-5199E0DF7BF1}.Release|Any CPU.ActiveCfg = Release|Any CPU
		{E193FAF3-5677-4CF9-B025-5199E0DF7BF1}.Release|Any CPU.Build.0 = Release|Any CPU
		{D724B256-E885-4F25-B034-6999A927C2A2}.Debug|Any CPU.ActiveCfg = Debug|Any CPU
		{D724B256-E885-4F25-B034-6999A927C2A2}.Debug|Any CPU.Build.0 = Debug|Any CPU
		{D724B256-E885-4F25-B034-6999A927C2A2}.Release|Any CPU.ActiveCfg = Release|Any CPU
		{D724B256-E885-4F25-B034-6999A927C2A2}.Release|Any CPU.Build.0 = Release|Any CPU
		{970D5290-50DE-4826-8F45-132FC662843A}.Debug|Any CPU.ActiveCfg = Debug|Any CPU
		{970D5290-50DE-4826-8F45-132FC662843A}.Debug|Any CPU.Build.0 = Debug|Any CPU
		{970D5290-50DE-4826-8F45-132FC662843A}.Release|Any CPU.ActiveCfg = Release|Any CPU
		{970D5290-50DE-4826-8F45-132FC662843A}.Release|Any CPU.Build.0 = Release|Any CPU
		{FDED4B46-111E-4E90-A282-8DD02641A581}.Debug|Any CPU.ActiveCfg = Debug|Any CPU
		{FDED4B46-111E-4E90-A282-8DD02641A581}.Debug|Any CPU.Build.0 = Debug|Any CPU
		{FDED4B46-111E-4E90-A282-8DD02641A581}.Release|Any CPU.ActiveCfg = Release|Any CPU
		{FDED4B46-111E-4E90-A282-8DD02641A581}.Release|Any CPU.Build.0 = Release|Any CPU
		{77D5FAA2-A591-4985-B84D-0959D9C1BAC1}.Debug|Any CPU.ActiveCfg = Debug|Any CPU
		{77D5FAA2-A591-4985-B84D-0959D9C1BAC1}.Debug|Any CPU.Build.0 = Debug|Any CPU
		{77D5FAA2-A591-4985-B84D-0959D9C1BAC1}.Release|Any CPU.ActiveCfg = Release|Any CPU
		{77D5FAA2-A591-4985-B84D-0959D9C1BAC1}.Release|Any CPU.Build.0 = Release|Any CPU
		{D27FD8BD-E326-4BAF-BC0B-D69B4D2B6F31}.Debug|Any CPU.ActiveCfg = Debug|Any CPU
		{D27FD8BD-E326-4BAF-BC0B-D69B4D2B6F31}.Debug|Any CPU.Build.0 = Debug|Any CPU
		{D27FD8BD-E326-4BAF-BC0B-D69B4D2B6F31}.Release|Any CPU.ActiveCfg = Release|Any CPU
		{D27FD8BD-E326-4BAF-BC0B-D69B4D2B6F31}.Release|Any CPU.Build.0 = Release|Any CPU
		{0A23C574-322D-4A19-8CA0-45546C39545F}.Debug|Any CPU.ActiveCfg = Debug|Any CPU
		{0A23C574-322D-4A19-8CA0-45546C39545F}.Debug|Any CPU.Build.0 = Debug|Any CPU
		{0A23C574-322D-4A19-8CA0-45546C39545F}.Release|Any CPU.ActiveCfg = Release|Any CPU
		{0A23C574-322D-4A19-8CA0-45546C39545F}.Release|Any CPU.Build.0 = Release|Any CPU
		{D9552922-AEC1-4A3C-BAE8-622F54485C43}.Debug|Any CPU.ActiveCfg = Debug|Any CPU
		{D9552922-AEC1-4A3C-BAE8-622F54485C43}.Debug|Any CPU.Build.0 = Debug|Any CPU
		{D9552922-AEC1-4A3C-BAE8-622F54485C43}.Release|Any CPU.ActiveCfg = Release|Any CPU
		{D9552922-AEC1-4A3C-BAE8-622F54485C43}.Release|Any CPU.Build.0 = Release|Any CPU
		{F2FA98AE-7A63-423E-BFB0-CDB9B8278AA9}.Debug|Any CPU.ActiveCfg = Debug|Any CPU
		{F2FA98AE-7A63-423E-BFB0-CDB9B8278AA9}.Debug|Any CPU.Build.0 = Debug|Any CPU
		{F2FA98AE-7A63-423E-BFB0-CDB9B8278AA9}.Release|Any CPU.ActiveCfg = Release|Any CPU
		{F2FA98AE-7A63-423E-BFB0-CDB9B8278AA9}.Release|Any CPU.Build.0 = Release|Any CPU
		{A4A32E8C-1F6A-41E5-8C49-2BF1D97ACEC8}.Debug|Any CPU.ActiveCfg = Debug|Any CPU
		{A4A32E8C-1F6A-41E5-8C49-2BF1D97ACEC8}.Debug|Any CPU.Build.0 = Debug|Any CPU
		{A4A32E8C-1F6A-41E5-8C49-2BF1D97ACEC8}.Release|Any CPU.ActiveCfg = Release|Any CPU
		{A4A32E8C-1F6A-41E5-8C49-2BF1D97ACEC8}.Release|Any CPU.Build.0 = Release|Any CPU
		{FFC77FC4-1543-4B58-BD38-4B1CC46FD5D8}.Debug|Any CPU.ActiveCfg = Debug|Any CPU
		{FFC77FC4-1543-4B58-BD38-4B1CC46FD5D8}.Debug|Any CPU.Build.0 = Debug|Any CPU
		{FFC77FC4-1543-4B58-BD38-4B1CC46FD5D8}.Release|Any CPU.ActiveCfg = Release|Any CPU
		{FFC77FC4-1543-4B58-BD38-4B1CC46FD5D8}.Release|Any CPU.Build.0 = Release|Any CPU
	EndGlobalSection
	GlobalSection(SolutionProperties) = preSolution
		HideSolutionNode = FALSE
	EndGlobalSection
EndGlobal
