
Microsoft Visual Studio Solution File, Format Version 12.00
# Visual Studio 2013
VisualStudioVersion = 12.0.31101.0
MinimumVisualStudioVersion = 10.0.40219.1
Project("{FAE04EC0-301F-11D3-BF4B-00C04F79EFBC}") = "01.SumOfNumbers", "01.SumOfNumbers\01.SumOfNumbers.csproj", "{0AF7D87C-1377-4A60-AB12-EC95499439CA}"
EndProject
Project("{FAE04EC0-301F-11D3-BF4B-00C04F79EFBC}") = "02.PrintCompanyInfo", "02.PrintCompanyInfo\02.PrintCompanyInfo.csproj", "{8C3707DD-F536-42C9-88CB-D236F3DFC2B8}"
EndProject
Project("{FAE04EC0-301F-11D3-BF4B-00C04F79EFBC}") = "03.CirclePerimArea", "03.CirclePerimArea\03.CirclePerimArea.csproj", "{296CAFBA-FCA6-43F3-A159-D65C7C9C5AC2}"
EndProject
Project("{FAE04EC0-301F-11D3-BF4B-00C04F79EFBC}") = "04.NumberComparer", "04.NumberComparer\04.NumberComparer.csproj", "{8E319C5A-88E8-4411-A601-F9D1BC58D153}"
EndProject
Global
	GlobalSection(SolutionConfigurationPlatforms) = preSolution
		Debug|Any CPU = Debug|Any CPU
		Release|Any CPU = Release|Any CPU
	EndGlobalSection
	GlobalSection(ProjectConfigurationPlatforms) = postSolution
		{0AF7D87C-1377-4A60-AB12-EC95499439CA}.Debug|Any CPU.ActiveCfg = Debug|Any CPU
		{0AF7D87C-1377-4A60-AB12-EC95499439CA}.Debug|Any CPU.Build.0 = Debug|Any CPU
		{0AF7D87C-1377-4A60-AB12-EC95499439CA}.Release|Any CPU.ActiveCfg = Release|Any CPU
		{0AF7D87C-1377-4A60-AB12-EC95499439CA}.Release|Any CPU.Build.0 = Release|Any CPU
		{8C3707DD-F536-42C9-88CB-D236F3DFC2B8}.Debug|Any CPU.ActiveCfg = Debug|Any CPU
		{8C3707DD-F536-42C9-88CB-D236F3DFC2B8}.Debug|Any CPU.Build.0 = Debug|Any CPU
		{8C3707DD-F536-42C9-88CB-D236F3DFC2B8}.Release|Any CPU.ActiveCfg = Release|Any CPU
		{8C3707DD-F536-42C9-88CB-D236F3DFC2B8}.Release|Any CPU.Build.0 = Release|Any CPU
		{296CAFBA-FCA6-43F3-A159-D65C7C9C5AC2}.Debug|Any CPU.ActiveCfg = Debug|Any CPU
		{296CAFBA-FCA6-43F3-A159-D65C7C9C5AC2}.Debug|Any CPU.Build.0 = Debug|Any CPU
		{296CAFBA-FCA6-43F3-A159-D65C7C9C5AC2}.Release|Any CPU.ActiveCfg = Release|Any CPU
		{296CAFBA-FCA6-43F3-A159-D65C7C9C5AC2}.Release|Any CPU.Build.0 = Release|Any CPU
		{8E319C5A-88E8-4411-A601-F9D1BC58D153}.Debug|Any CPU.ActiveCfg = Debug|Any CPU
		{8E319C5A-88E8-4411-A601-F9D1BC58D153}.Debug|Any CPU.Build.0 = Debug|Any CPU
		{8E319C5A-88E8-4411-A601-F9D1BC58D153}.Release|Any CPU.ActiveCfg = Release|Any CPU
		{8E319C5A-88E8-4411-A601-F9D1BC58D153}.Release|Any CPU.Build.0 = Release|Any CPU
	EndGlobalSection
	GlobalSection(SolutionProperties) = preSolution
		HideSolutionNode = FALSE
	EndGlobalSection
EndGlobal
