
Microsoft Visual Studio Solution File, Format Version 12.00
# Visual Studio 2013
VisualStudioVersion = 12.0.31101.0
MinimumVisualStudioVersion = 10.0.40219.1
Project("{FAE04EC0-301F-11D3-BF4B-00C04F79EFBC}") = "01.OddEvenIntegers", "01.OddEvenIntegers\01.OddEvenIntegers.csproj", "{F1895CF3-1A6F-4C10-B83C-D3EB25084FEE}"
EndProject
Project("{FAE04EC0-301F-11D3-BF4B-00C04F79EFBC}") = "02.MoonGravitation", "02.MoonGravitation\02.MoonGravitation.csproj", "{E193FAF3-5677-4CF9-B025-5199E0DF7BF1}"
EndProject
Project("{FAE04EC0-301F-11D3-BF4B-00C04F79EFBC}") = "03.BooleanDivider", "03.BooleanDivider\03.BooleanDivider.csproj", "{D724B256-E885-4F25-B034-6999A927C2A2}"
EndProject
Project("{FAE04EC0-301F-11D3-BF4B-00C04F79EFBC}") = "04.Rectangles", "04.Rectangles\04.Rectangles.csproj", "{970D5290-50DE-4826-8F45-132FC662843A}"
EndProject
Global
	GlobalSection(SolutionConfigurationPlatforms) = preSolution
		Debug|Any CPU = Debug|Any CPU
		Release|Any CPU = Release|Any CPU
	EndGlobalSection
	GlobalSection(ProjectConfigurationPlatforms) = postSolution
		{F1895CF3-1A6F-4C10-B83C-D3EB25084FEE}.Debug|Any CPU.ActiveCfg = Debug|Any CPU
		{F1895CF3-1A6F-4C10-B83C-D3EB25084FEE}.Debug|Any CPU.Build.0 = Debug|Any CPU
		{F1895CF3-1A6F-4C10-B83C-D3EB25084FEE}.Release|Any CPU.ActiveCfg = Release|Any CPU
		{F1895CF3-1A6F-4C10-B83C-D3EB25084FEE}.Release|Any CPU.Build.0 = Release|Any CPU
		{E193FAF3-5677-4CF9-B025-5199E0DF7BF1}.Debug|Any CPU.ActiveCfg = Debug|Any CPU
		{E193FAF3-5677-4CF9-B025-5199E0DF7BF1}.Debug|Any CPU.Build.0 = Debug|Any CPU
		{E193FAF3-5677-4CF9-B025-5199E0DF7BF1}.Release|Any CPU.ActiveCfg = Release|Any CPU
		{E193FAF3-5677-4CF9-B025-5199E0DF7BF1}.Release|Any CPU.Build.0 = Release|Any CPU
		{D724B256-E885-4F25-B034-6999A927C2A2}.Debug|Any CPU.ActiveCfg = Debug|Any CPU
		{D724B256-E885-4F25-B034-6999A927C2A2}.Debug|Any CPU.Build.0 = Debug|Any CPU
		{D724B256-E885-4F25-B034-6999A927C2A2}.Release|Any CPU.ActiveCfg = Release|Any CPU
		{D724B256-E885-4F25-B034-6999A927C2A2}.Release|Any CPU.Build.0 = Release|Any CPU
		{970D5290-50DE-4826-8F45-132FC662843A}.Debug|Any CPU.ActiveCfg = Debug|Any CPU
		{970D5290-50DE-4826-8F45-132FC662843A}.Debug|Any CPU.Build.0 = Debug|Any CPU
		{970D5290-50DE-4826-8F45-132FC662843A}.Release|Any CPU.ActiveCfg = Release|Any CPU
		{970D5290-50DE-4826-8F45-132FC662843A}.Release|Any CPU.Build.0 = Release|Any CPU
	EndGlobalSection
	GlobalSection(SolutionProperties) = preSolution
		HideSolutionNode = FALSE
	EndGlobalSection
EndGlobal
